{
  "version": 1,
  "dependencies": {
    "net8.0": {
      "Microsoft.NET.ILLink.Tasks": {
        "type": "Direct",
        "requested": "[8.0.25, )",
        "resolved": "8.0.25",
        "contentHash": "sqX4nmBft05ivqKvUT4nxaN8rT3apCLt9SWFkfRrQPwra1zPwFknQAw1lleuMCKOCLvVmOWwrC2iPSm9RiXZUg=="
      },
      "PDFtoImage": {
        "type": "Direct",
        "requested": "[5.3.0, )",
        "resolved": "5.3.0",
        "contentHash": "PidDw4ClzvGwuhyg1rubpQO555nVx2PV6VTB5SSflA3CDdKu+AMZj+M+2gOJ95Ywi9Fa5W9ghcUAQGiGm0U8Vw==",
        "dependencies": {
          "SkiaSharp": "4.150.1",
          "SkiaSharp.NativeAssets.Linux.NoDependencies": "4.150.1",
          "SkiaSharp.NativeAssets.Win32": "4.150.1",
          "SkiaSharp.NativeAssets.macOS": "4.150.1",
          "bblanchon.PDFium.Linux": "152.0.7961",
          "bblanchon.PDFium.Win32": "152.0.7961",
          "bblanchon.PDFium.macOS": "152.0.7961"
        }
      },
      "SkiaSharp": {
        "type": "Direct",
        "requested": "[4.151.1, )",
        "resolved": "4.151.1",
        "contentHash": "FNlVsGZ9to3o9pObVqhIZanHjUGOoPb/Zxk5svCSLMJnKwxPKV7sIJrjs9BpB/jF3j9OdsaMOb4cfwSJbjueSw==",
        "dependencies": {
          "SkiaSharp.NativeAssets.Win32": "4.151.1",
          "SkiaSharp.NativeAssets.macOS": "4.151.1"
        }
      },
      "bblanchon.PDFium.Linux": {
        "type": "Transitive",
        "resolved": "152.0.7961",
        "contentHash": "80m1PwszVp53avI/l+BCov8/6jl7B2FU+hQNTSrApMrkwKcCSRDHkXYYrGYsxpc8NAs/44tyrEQdCfX1yRzPhw=="
      },
      "bblanchon.PDFium.macOS": {
        "type": "Transitive",
        "resolved": "152.0.7961",
        "contentHash": "GaBNtpfoiYbXTi9WLeEWSxWi2zG9kJMfuDMF7AH4kK0zjXz3C/Qg9epKIZKN3nfPaS48Qy3uV2VM14QBI/iAGg=="
      },
      "bblanchon.PDFium.Win32": {
        "type": "Transitive",
        "resolved": "152.0.7961",
        "contentHash": "E6m7Y/OZ/eySQBy4drjDCF6pspBdp2PaF6vC04K1BgGbS8UtXOdL0SnReg3zE309hBZ6U/ZDMys9QE5VhBzDDQ=="
      },
      "SkiaSharp.NativeAssets.Linux.NoDependencies": {
        "type": "Transitive",
        "resolved": "4.150.1",
        "contentHash": "2KVadgDky2xQw7lEMRT/u0ftX5K1u8X7MhCN47Em22Z6VM6JJg1c9cwfGuSPAt1oY6+GjGHH18vkeev+nqT9Kw=="
      },
      "SkiaSharp.NativeAssets.macOS": {
        "type": "Transitive",
        "resolved": "4.151.1",
        "contentHash": "nLXwdhi0oB7pqqNLbSOLX+FIZQOMAU/yFPspzcDTJjTmPbMWyp0JWyeVj8sFJ/cweurEfT0J/lvfgdXX2EFHXA=="
      },
      "SkiaSharp.NativeAssets.Win32": {
        "type": "Transitive",
        "resolved": "4.151.1",
        "contentHash": "G+nln30ZX2ZuhH+ungf6x/QMXCje38KTS0VTfQeMyeY8uyMBmsZwFz2D30ZxUjZqsVbEIcaC2bsYF65876s4Yg=="
      }
    },
    "net8.0/win-x64": {
      "bblanchon.PDFium.Linux": {
        "type": "Transitive",
        "resolved": "152.0.7961",
        "contentHash": "80m1PwszVp53avI/l+BCov8/6jl7B2FU+hQNTSrApMrkwKcCSRDHkXYYrGYsxpc8NAs/44tyrEQdCfX1yRzPhw=="
      },
      "bblanchon.PDFium.macOS": {
        "type": "Transitive",
        "resolved": "152.0.7961",
        "contentHash": "GaBNtpfoiYbXTi9WLeEWSxWi2zG9kJMfuDMF7AH4kK0zjXz3C/Qg9epKIZKN3nfPaS48Qy3uV2VM14QBI/iAGg=="
      },
      "bblanchon.PDFium.Win32": {
        "type": "Transitive",
        "resolved": "152.0.7961",
        "contentHash": "E6m7Y/OZ/eySQBy4drjDCF6pspBdp2PaF6vC04K1BgGbS8UtXOdL0SnReg3zE309hBZ6U/ZDMys9QE5VhBzDDQ=="
      },
      "SkiaSharp.NativeAssets.Linux.NoDependencies": {
        "type": "Transitive",
        "resolved": "4.150.1",
        "contentHash": "2KVadgDky2xQw7lEMRT/u0ftX5K1u8X7MhCN47Em22Z6VM6JJg1c9cwfGuSPAt1oY6+GjGHH18vkeev+nqT9Kw=="
      },
      "SkiaSharp.NativeAssets.macOS": {
        "type": "Transitive",
        "resolved": "4.151.1",
        "contentHash": "nLXwdhi0oB7pqqNLbSOLX+FIZQOMAU/yFPspzcDTJjTmPbMWyp0JWyeVj8sFJ/cweurEfT0J/lvfgdXX2EFHXA=="
      },
      "SkiaSharp.NativeAssets.Win32": {
        "type": "Transitive",
        "resolved": "4.151.1",
        "contentHash": "G+nln30ZX2ZuhH+ungf6x/QMXCje38KTS0VTfQeMyeY8uyMBmsZwFz2D30ZxUjZqsVbEIcaC2bsYF65876s4Yg=="
      }
    }
  }
}